{
  "version": 4,
  "terraform_version": "0.14.7",
  "serial": 8,
  "lineage": "2c685ee8-d886-dcf5-0d87-29a04588e007",
  "outputs": {},
  "resources": [
    {
      "mode": "managed",
      "type": "aws_appsync_datasource",
      "name": "appsync_datasource",
      "provider": "provider[\"registry.terraform.io/hashicorp/aws\"]",
      "instances": [
        {
          "schema_version": 0,
          "attributes": {
            "api_id": "2fyxunahgrhtlinfofrqdurizi",
            "arn": "arn:aws:appsync:ap-northeast-1:145943270736:apis/2fyxunahgrhtlinfofrqdurizi/datasources/twicode_dev_appsync_datasource",
            "description": "",
            "dynamodb_config": [
              {
                "region": "ap-northeast-1",
                "table_name": "twicode-dev-code",
                "use_caller_credentials": false
              }
            ],
            "elasticsearch_config": [],
            "http_config": [],
            "id": "2fyxunahgrhtlinfofrqdurizi-twicode_dev_appsync_datasource",
            "lambda_config": [],
            "name": "twicode_dev_appsync_datasource",
            "service_role_arn": "arn:aws:iam::145943270736:role/twicode-dev-appsync-role",
            "type": "AMAZON_DYNAMODB"
          },
          "sensitive_attributes": [],
          "private": "bnVsbA==",
          "dependencies": [
            "aws_appsync_graphql_api.appsync_api",
            "aws_dynamodb_table.code-table",
            "aws_iam_role.appsync_role"
          ]
        }
      ]
    },
    {
      "mode": "managed",
      "type": "aws_appsync_graphql_api",
      "name": "appsync_api",
      "provider": "provider[\"registry.terraform.io/hashicorp/aws\"]",
      "instances": [
        {
          "schema_version": 0,
          "attributes": {
            "additional_authentication_provider": [],
            "arn": "arn:aws:appsync:ap-northeast-1:145943270736:apis/2fyxunahgrhtlinfofrqdurizi",
            "authentication_type": "API_KEY",
            "id": "2fyxunahgrhtlinfofrqdurizi",
            "lambda_authorizer_config": [],
            "log_config": [
              {
                "cloudwatch_logs_role_arn": "arn:aws:iam::145943270736:role/twicode-dev-appsync-role",
                "exclude_verbose_content": false,
                "field_log_level": "ERROR"
              }
            ],
            "name": "twicode-dev-apis",
            "openid_connect_config": [],
            "schema": null,
            "tags": {},
            "tags_all": {},
            "uris": {
              "GRAPHQL": "https://bwttwp3unbehbi62cgzju3zz34.appsync-api.ap-northeast-1.amazonaws.com/graphql",
              "REALTIME": "wss://bwttwp3unbehbi62cgzju3zz34.appsync-realtime-api.ap-northeast-1.amazonaws.com/graphql"
            },
            "user_pool_config": [],
            "xray_enabled": false
          },
          "sensitive_attributes": [],
          "private": "bnVsbA==",
          "dependencies": [
            "aws_iam_role.appsync_role"
          ]
        }
      ]
    },
    {
      "mode": "managed",
      "type": "aws_dynamodb_table",
      "name": "code-table",
      "provider": "provider[\"registry.terraform.io/hashicorp/aws\"]",
      "instances": [
        {
          "schema_version": 1,
          "attributes": {
            "arn": "arn:aws:dynamodb:ap-northeast-1:145943270736:table/twicode-dev-code",
            "attribute": [
              {
                "name": "page_id",
                "type": "S"
              }
            ],
            "billing_mode": "PAY_PER_REQUEST",
            "global_secondary_index": [],
            "hash_key": "page_id",
            "id": "twicode-dev-code",
            "local_secondary_index": [],
            "name": "twicode-dev-code",
            "point_in_time_recovery": [
              {
                "enabled": false
              }
            ],
            "range_key": null,
            "read_capacity": 0,
            "replica": [],
            "restore_date_time": null,
            "restore_source_name": null,
            "restore_to_latest_time": null,
            "server_side_encryption": [],
            "stream_arn": "",
            "stream_enabled": false,
            "stream_label": "",
            "stream_view_type": "",
            "table_class": "",
            "tags": {
              "Terraform": "true",
              "project": "Twicode"
            },
            "tags_all": {
              "Terraform": "true",
              "project": "Twicode"
            },
            "timeouts": null,
            "ttl": [
              {
                "attribute_name": "",
                "enabled": false,
                "kms_key_arn": ""
              }
            ],
            "write_capacity": 0
          },
          "sensitive_attributes": [],
          "private": "eyJlMmJmYjczMC1lY2FhLTExZTYtOGY4OC0zNDM2M2JjN2M0YzAiOnsiY3JlYXRlIjoxMjAwMDAwMDAwMDAwLCJkZWxldGUiOjYwMDAwMDAwMDAwMCwidXBkYXRlIjozNjAwMDAwMDAwMDAwfSwic2NoZW1hX3ZlcnNpb24iOiIxIn0="
        }
      ]
    },
    {
      "mode": "managed",
      "type": "aws_iam_role",
      "name": "appsync_role",
      "provider": "provider[\"registry.terraform.io/hashicorp/aws\"]",
      "instances": [
        {
          "schema_version": 0,
          "attributes": {
            "arn": "arn:aws:iam::145943270736:role/twicode-dev-appsync-role",
            "assume_role_policy": "{\"Version\":\"2012-10-17\",\"Statement\":[{\"Effect\":\"Allow\",\"Principal\":{\"Service\":\"appsync.amazonaws.com\"},\"Action\":\"sts:AssumeRole\"}]}",
            "create_date": "2021-12-27T09:51:46Z",
            "description": "",
            "force_detach_policies": false,
            "id": "twicode-dev-appsync-role",
            "inline_policy": [
              {
                "name": "twicode-dev-appsync-role-policy",
                "policy": "{\n  \"Version\": \"2012-10-17\",\n  \"Statement\": [\n    {\n      \"Action\": [\n        \"dynamodb:*\"\n      ],\n      \"Effect\": \"Allow\",\n      \"Resource\": [\n        \"arn:aws:dynamodb:ap-northeast-1:145943270736:table/twicode-dev-code\"\n      ]\n    }\n  ]\n}\n"
              }
            ],
            "managed_policy_arns": [
              "arn:aws:iam::aws:policy/service-role/AWSAppSyncPushToCloudWatchLogs"
            ],
            "max_session_duration": 3600,
            "name": "twicode-dev-appsync-role",
            "name_prefix": "",
            "path": "/",
            "permissions_boundary": null,
            "tags": {},
            "tags_all": {},
            "unique_id": "AROASD6XFSVINHWDRFXFM"
          },
          "sensitive_attributes": [],
          "private": "bnVsbA=="
        }
      ]
    },
    {
      "mode": "managed",
      "type": "aws_iam_role_policy",
      "name": "appsync_role_policy",
      "provider": "provider[\"registry.terraform.io/hashicorp/aws\"]",
      "instances": [
        {
          "schema_version": 0,
          "attributes": {
            "id": "twicode-dev-appsync-role:twicode-dev-appsync-role-policy",
            "name": "twicode-dev-appsync-role-policy",
            "name_prefix": null,
            "policy": "{\n  \"Version\": \"2012-10-17\",\n  \"Statement\": [\n    {\n      \"Action\": [\n        \"dynamodb:*\"\n      ],\n      \"Effect\": \"Allow\",\n      \"Resource\": [\n        \"arn:aws:dynamodb:ap-northeast-1:145943270736:table/twicode-dev-code\"\n      ]\n    }\n  ]\n}\n",
            "role": "twicode-dev-appsync-role"
          },
          "sensitive_attributes": [],
          "private": "bnVsbA==",
          "dependencies": [
            "aws_dynamodb_table.code-table",
            "aws_iam_role.appsync_role"
          ]
        }
      ]
    },
    {
      "mode": "managed",
      "type": "aws_iam_role_policy_attachment",
      "name": "appsync_role_policy_attachment",
      "provider": "provider[\"registry.terraform.io/hashicorp/aws\"]",
      "instances": [
        {
          "schema_version": 0,
          "attributes": {
            "id": "twicode-dev-appsync-role-20211227095151770800000001",
            "policy_arn": "arn:aws:iam::aws:policy/service-role/AWSAppSyncPushToCloudWatchLogs",
            "role": "twicode-dev-appsync-role"
          },
          "sensitive_attributes": [],
          "private": "bnVsbA==",
          "dependencies": [
            "aws_iam_role.appsync_role"
          ]
        }
      ]
    }
  ]
}
